
Microsoft Visual Studio Solution File, Format Version 12.00
# Visual Studio Version 17
VisualStudioVersion = 17.7.34024.191
MinimumVisualStudioVersion = 10.0.40219.1
Project("{FAE04EC0-301F-11D3-BF4B-00C04F79EFBC}") = "Laba 5", "Laba 5\Laba 5.csproj", "{A6D51B6A-B12B-4DDA-BC4B-4014BF8B4B08}"
EndProject
Global
	GlobalSection(SolutionConfigurationPlatforms) = preSolution
		Debug|Any CPU = Debug|Any CPU
		Release|Any CPU = Release|Any CPU
	EndGlobalSection
	GlobalSection(ProjectConfigurationPlatforms) = postSolution
		{A6D51B6A-B12B-4DDA-BC4B-4014BF8B4B08}.Debug|Any CPU.ActiveCfg = Debug|Any CPU
		{A6D51B6A-B12B-4DDA-BC4B-4014BF8B4B08}.Debug|Any CPU.Build.0 = Debug|Any CPU
		{A6D51B6A-B12B-4DDA-BC4B-4014BF8B4B08}.Release|Any CPU.ActiveCfg = Release|Any CPU
		{A6D51B6A-B12B-4DDA-BC4B-4014BF8B4B08}.Release|Any CPU.Build.0 = Release|Any CPU
	EndGlobalSection
	GlobalSection(SolutionProperties) = preSolution
		HideSolutionNode = FALSE
	EndGlobalSection
	GlobalSection(ExtensibilityGlobals) = postSolution
		SolutionGuid = {4AF3C222-A54A-42DF-9DB2-DFD4A54EA1FB}
	EndGlobalSection
EndGlobal
